
Microsoft Visual Studio Solution File, Format Version 12.00
# Visual Studio Version 17
VisualStudioVersion = 17.12.35514.174
MinimumVisualStudioVersion = 10.0.40219.1
Project("{8BC9CEB8-8B4A-11D0-8D11-00A0C91BC942}") = "Ais.IO", "Ais.IO\Ais.IO.vcxproj", "{EAC6E980-EDF7-44C1-AB11-015B31D435BB}"
EndProject
Project("{9A19103F-16F7-4668-BE54-9A1E7A4F7556}") = "Ais.IO.Csharp", "Ais.IO.Csharp\Ais.IO.Csharp.csproj", "{94331F89-AAE0-49BD-8D10-C5B486D5DB65}"
EndProject
Project("{9A19103F-16F7-4668-BE54-9A1E7A4F7556}") = "Ais.IO.Csharp.Command", "Ais.IO.Csharp.Command\Ais.IO.Csharp.Command.csproj", "{AFDD4E12-05B6-4DBB-BB18-FA9D731E197B}"
EndProject
Project("{8BC9CEB8-8B4A-11D0-8D11-00A0C91BC942}") = "Ais.IO.Command", "Ais.IO.Command\Ais.IO.Command.vcxproj", "{9081301E-C126-44B9-9A0E-356D486C827A}"
EndProject
Global
	GlobalSection(SolutionConfigurationPlatforms) = preSolution
		Debug|x64 = Debug|x64
		Debug|x86 = Debug|x86
		Release|x64 = Release|x64
		Release|x86 = Release|x86
	EndGlobalSection
	GlobalSection(ProjectConfigurationPlatforms) = postSolution
		{EAC6E980-EDF7-44C1-AB11-015B31D435BB}.Debug|x64.ActiveCfg = Debug|x64
		{EAC6E980-EDF7-44C1-AB11-015B31D435BB}.Debug|x64.Build.0 = Debug|x64
		{EAC6E980-EDF7-44C1-AB11-015B31D435BB}.Debug|x86.ActiveCfg = Debug|Win32
		{EAC6E980-EDF7-44C1-AB11-015B31D435BB}.Debug|x86.Build.0 = Debug|Win32
		{EAC6E980-EDF7-44C1-AB11-015B31D435BB}.Release|x64.ActiveCfg = Release|x64
		{EAC6E980-EDF7-44C1-AB11-015B31D435BB}.Release|x64.Build.0 = Release|x64
		{EAC6E980-EDF7-44C1-AB11-015B31D435BB}.Release|x86.ActiveCfg = Release|Win32
		{EAC6E980-EDF7-44C1-AB11-015B31D435BB}.Release|x86.Build.0 = Release|Win32
		{94331F89-AAE0-49BD-8D10-C5B486D5DB65}.Debug|x64.ActiveCfg = Debug|x64
		{94331F89-AAE0-49BD-8D10-C5B486D5DB65}.Debug|x64.Build.0 = Debug|x64
		{94331F89-AAE0-49BD-8D10-C5B486D5DB65}.Debug|x86.ActiveCfg = Debug|x86
		{94331F89-AAE0-49BD-8D10-C5B486D5DB65}.Debug|x86.Build.0 = Debug|x86
		{94331F89-AAE0-49BD-8D10-C5B486D5DB65}.Release|x64.ActiveCfg = Release|x64
		{94331F89-AAE0-49BD-8D10-C5B486D5DB65}.Release|x64.Build.0 = Release|x64
		{94331F89-AAE0-49BD-8D10-C5B486D5DB65}.Release|x86.ActiveCfg = Release|x86
		{94331F89-AAE0-49BD-8D10-C5B486D5DB65}.Release|x86.Build.0 = Release|x86
		{AFDD4E12-05B6-4DBB-BB18-FA9D731E197B}.Debug|x64.ActiveCfg = Debug|x64
		{AFDD4E12-05B6-4DBB-BB18-FA9D731E197B}.Debug|x64.Build.0 = Debug|x64
		{AFDD4E12-05B6-4DBB-BB18-FA9D731E197B}.Debug|x86.ActiveCfg = Debug|x86
		{AFDD4E12-05B6-4DBB-BB18-FA9D731E197B}.Debug|x86.Build.0 = Debug|x86
		{AFDD4E12-05B6-4DBB-BB18-FA9D731E197B}.Release|x64.ActiveCfg = Release|x64
		{AFDD4E12-05B6-4DBB-BB18-FA9D731E197B}.Release|x64.Build.0 = Release|x64
		{AFDD4E12-05B6-4DBB-BB18-FA9D731E197B}.Release|x86.ActiveCfg = Release|x86
		{AFDD4E12-05B6-4DBB-BB18-FA9D731E197B}.Release|x86.Build.0 = Release|x86
		{9081301E-C126-44B9-9A0E-356D486C827A}.Debug|x64.ActiveCfg = Debug|x64
		{9081301E-C126-44B9-9A0E-356D486C827A}.Debug|x64.Build.0 = Debug|x64
		{9081301E-C126-44B9-9A0E-356D486C827A}.Debug|x86.ActiveCfg = Debug|Win32
		{9081301E-C126-44B9-9A0E-356D486C827A}.Debug|x86.Build.0 = Debug|Win32
		{9081301E-C126-44B9-9A0E-356D486C827A}.Release|x64.ActiveCfg = Release|x64
		{9081301E-C126-44B9-9A0E-356D486C827A}.Release|x64.Build.0 = Release|x64
		{9081301E-C126-44B9-9A0E-356D486C827A}.Release|x86.ActiveCfg = Release|Win32
		{9081301E-C126-44B9-9A0E-356D486C827A}.Release|x86.Build.0 = Release|Win32
	EndGlobalSection
	GlobalSection(SolutionProperties) = preSolution
		HideSolutionNode = FALSE
	EndGlobalSection
	GlobalSection(ExtensibilityGlobals) = postSolution
		SolutionGuid = {60DE3735-3C06-499F-B41E-04FDDC32C659}
	EndGlobalSection
EndGlobal
