<?xml version="1.0" encoding="utf-8"?>
<Project ToolsVersion="4.0" xmlns="http://schemas.microsoft.com/developer/msbuild/2003">
  <ItemGroup>
    <Filter Include="來源檔案">
      <UniqueIdentifier>{4FC737F1-C7A5-4376-A066-2A32D752A2FF}</UniqueIdentifier>
      <Extensions>cpp;c;cc;cxx;c++;cppm;ixx;def;odl;idl;hpj;bat;asm;asmx</Extensions>
    </Filter>
    <Filter Include="標頭檔">
      <UniqueIdentifier>{93995380-89BD-4b04-88EB-625FBE52EBFB}</UniqueIdentifier>
      <Extensions>h;hh;hpp;hxx;h++;hm;inl;inc;ipp;xsd</Extensions>
    </Filter>
    <Filter Include="資源檔">
      <UniqueIdentifier>{67DA6AB6-F800-4c08-8B7A-83BB121AAD01}</UniqueIdentifier>
      <Extensions>rc;ico;cur;bmp;dlg;rc2;rct;bin;rgs;gif;jpg;jpeg;jpe;resx;tiff;tif;png;wav;mfcribbon-ms</Extensions>
    </Filter>
    <Filter Include="來源檔案\Execute">
      <UniqueIdentifier>{011b6eeb-ceab-4467-8d01-dbb366bab7c0}</UniqueIdentifier>
    </Filter>
    <Filter Include="標頭檔\Execute">
      <UniqueIdentifier>{7a5682d6-d4e1-45db-8ac3-4169854c1139}</UniqueIdentifier>
    </Filter>
    <Filter Include="標頭檔\Libary">
      <UniqueIdentifier>{9f14f7ae-11a5-403e-bbc1-76c0eb93b881}</UniqueIdentifier>
    </Filter>
    <Filter Include="來源檔案\Libary">
      <UniqueIdentifier>{7ae62531-d0df-4d0c-9ed1-f242d26a10a4}</UniqueIdentifier>
    </Filter>
  </ItemGroup>
  <ItemGroup>
    <ClCompile Include="main.cpp">
      <Filter>來源檔案</Filter>
    </ClCompile>
    <ClCompile Include="string_case.cpp">
      <Filter>來源檔案</Filter>
    </ClCompile>
    <ClCompile Include="output_colors.cpp">
      <Filter>來源檔案</Filter>
    </ClCompile>
    <ClCompile Include="binary_execute.cpp">
      <Filter>來源檔案\Execute</Filter>
    </ClCompile>
    <ClCompile Include="encoder_execute.cpp">
      <Filter>來源檔案\Execute</Filter>
    </ClCompile>
    <ClCompile Include="aes_execute.cpp">
      <Filter>來源檔案\Execute</Filter>
    </ClCompile>
    <ClCompile Include="cryptography_libary.cpp">
      <Filter>來源檔案\Libary</Filter>
    </ClCompile>
    <ClCompile Include="des_execute.cpp">
      <Filter>來源檔案\Execute</Filter>
    </ClCompile>
    <ClCompile Include="hash_execute.cpp">
      <Filter>來源檔案\Execute</Filter>
    </ClCompile>
  </ItemGroup>
  <ItemGroup>
    <ClInclude Include="main.h">
      <Filter>標頭檔</Filter>
    </ClInclude>
    <ClInclude Include="string_case.h">
      <Filter>標頭檔</Filter>
    </ClInclude>
    <ClInclude Include="output_colors.h">
      <Filter>標頭檔</Filter>
    </ClInclude>
    <ClInclude Include="binary_execute.h">
      <Filter>標頭檔\Execute</Filter>
    </ClInclude>
    <ClInclude Include="encoder_execute.h">
      <Filter>標頭檔\Execute</Filter>
    </ClInclude>
    <ClInclude Include="aes_execute.h">
      <Filter>標頭檔\Execute</Filter>
    </ClInclude>
    <ClInclude Include="cryptography_libary.h">
      <Filter>標頭檔\Libary</Filter>
    </ClInclude>
    <ClInclude Include="des_execute.h">
      <Filter>標頭檔\Execute</Filter>
    </ClInclude>
    <ClInclude Include="hash_execute.h">
      <Filter>標頭檔\Execute</Filter>
    </ClInclude>
  </ItemGroup>
</Project>